
Microsoft Visual Studio Solution File, Format Version 12.00
# Visual Studio Version 16
VisualStudioVersion = 16.0.28803.352
MinimumVisualStudioVersion = 10.0.40219.1
Project("{FAE04EC0-301F-11D3-BF4B-00C04F79EFBC}") = "XInputSample", "XInputSample.csproj", "{0F60E747-1217-415B-B017-8877228E601F}"
	ProjectSection(ProjectDependencies) = postProject
		{5825F3FC-2261-4395-89FF-6849D36A3464} = {5825F3FC-2261-4395-89FF-6849D36A3464}
	EndProjectSection
EndProject
Project("{8BC9CEB8-8B4A-11D0-8D11-00A0C91BC942}") = "XInputWrapper", "XInputWrapper\XInputWrapper.vcxproj", "{5825F3FC-2261-4395-89FF-6849D36A3464}"
EndProject
Global
	GlobalSection(SolutionConfigurationPlatforms) = preSolution
		Debug|x64 = Debug|x64
		Debug|x86 = Debug|x86
		Release|x64 = Release|x64
		Release|x86 = Release|x86
	EndGlobalSection
	GlobalSection(ProjectConfigurationPlatforms) = postSolution
		{0F60E747-1217-415B-B017-8877228E601F}.Debug|x64.ActiveCfg = Debug|x64
		{0F60E747-1217-415B-B017-8877228E601F}.Debug|x64.Build.0 = Debug|x64
		{0F60E747-1217-415B-B017-8877228E601F}.Debug|x86.ActiveCfg = Debug|x86
		{0F60E747-1217-415B-B017-8877228E601F}.Debug|x86.Build.0 = Debug|x86
		{0F60E747-1217-415B-B017-8877228E601F}.Release|x64.ActiveCfg = Release|x64
		{0F60E747-1217-415B-B017-8877228E601F}.Release|x64.Build.0 = Release|x64
		{0F60E747-1217-415B-B017-8877228E601F}.Release|x86.ActiveCfg = Release|x86
		{0F60E747-1217-415B-B017-8877228E601F}.Release|x86.Build.0 = Release|x86
		{5825F3FC-2261-4395-89FF-6849D36A3464}.Debug|x64.ActiveCfg = Debug|x64
		{5825F3FC-2261-4395-89FF-6849D36A3464}.Debug|x64.Build.0 = Debug|x64
		{5825F3FC-2261-4395-89FF-6849D36A3464}.Debug|x86.ActiveCfg = Debug|Win32
		{5825F3FC-2261-4395-89FF-6849D36A3464}.Debug|x86.Build.0 = Debug|Win32
		{5825F3FC-2261-4395-89FF-6849D36A3464}.Release|x64.ActiveCfg = Release|x64
		{5825F3FC-2261-4395-89FF-6849D36A3464}.Release|x64.Build.0 = Release|x64
		{5825F3FC-2261-4395-89FF-6849D36A3464}.Release|x86.ActiveCfg = Release|Win32
		{5825F3FC-2261-4395-89FF-6849D36A3464}.Release|x86.Build.0 = Release|Win32
	EndGlobalSection
	GlobalSection(SolutionProperties) = preSolution
		HideSolutionNode = FALSE
	EndGlobalSection
	GlobalSection(ExtensibilityGlobals) = postSolution
		SolutionGuid = {B253DFE8-964C-4F6C-919B-7B9AFB1D5889}
	EndGlobalSection
EndGlobal
